{
  "name": "javascript",
  "version": "1.0.0",
  "lockfileVersion": 1,
  "requires": true,
  "dependencies": {
    "quartet": {
      "version": "8.2.2",
      "resolved": "https://registry.npmjs.org/quartet/-/quartet-8.2.2.tgz",
      "integrity": "sha512-ZgGxjkelYJRXUQWWZ8mzY80OZ2Pskg+vsANMtaEsvIKI1odFMQoh8rwrlz5R4W5lRai7BYeCijVRRiHK2Tq1dg=="
    }
  }
}
